// !$*UTF8*$!
{
	archiveVersion = 1;
	classes = {
	};
	objectVersion = 77;
	objects = {

/* Begin PBXBuildFile section */
		AA399C832E5AA53000B21402 /* Shuffle in Frameworks */ = {isa = PBXBuildFile; productRef = AA399C822E5AA53000B21402 /* Shuffle */; };
/* End PBXBuildFile section */

/* Begin PBXContainerItemProxy section */
		AA399C3B2E5AA1C000B21402 /* PBXContainerItemProxy */ = {
			isa = PBXContainerItemProxy;
			containerPortal = AA399C232E5AA1BF00B21402 /* Project object */;
			proxyType = 1;
			remoteGlobalIDString = AA399C2A2E5AA1BF00B21402;
			remoteInfo = ReelQuick;
		};
		AA399C452E5AA1C000B21402 /* PBXContainerItemProxy */ = {
			isa = PBXContainerItemProxy;
			containerPortal = AA399C232E5AA1BF00B21402 /* Project object */;
			proxyType = 1;
			remoteGlobalIDString = AA399C2A2E5AA1BF00B21402;
			remoteInfo = ReelQuick;
		};
/* End PBXContainerItemProxy section */

/* Begin PBXFileReference section */
		AA399C2B2E5AA1BF00B21402 /* ReelQuick.app */ = {isa = PBXFileReference; explicitFileType = wrapper.application; includeInIndex = 0; path = ReelQuick.app; sourceTree = BUILT_PRODUCTS_DIR; };
		AA399C3A2E5AA1C000B21402 /* ReelQuickTests.xctest */ = {isa = PBXFileReference; explicitFileType = wrapper.cfbundle; includeInIndex = 0; path = ReelQuickTests.xctest; sourceTree = BUILT_PRODUCTS_DIR; };
		AA399C442E5AA1C000B21402 /* ReelQuickUITests.xctest */ = {isa = PBXFileReference; explicitFileType = wrapper.cfbundle; includeInIndex = 0; path = ReelQuickUITests.xctest; sourceTree = BUILT_PRODUCTS_DIR; };
/* End PBXFileReference section */

/* Begin PBXFileSystemSynchronizedRootGroup section */
		AA399C2D2E5AA1BF00B21402 /* ReelQuick */ = {
			isa = PBXFileSystemSynchronizedRootGroup;
			path = ReelQuick;
			sourceTree = "<group>";
		};
		AA399C3D2E5AA1C000B21402 /* ReelQuickTests */ = {
			isa = PBXFileSystemSynchronizedRootGroup;
			path = ReelQuickTests;
			sourceTree = "<group>";
		};
		AA399C472E5AA1C000B21402 /* ReelQuickUITests */ = {
			isa = PBXFileSystemSynchronizedRootGroup;
			path = ReelQuickUITests;
			sourceTree = "<group>";
		};
/* End PBXFileSystemSynchronizedRootGroup section */

/* Begin PBXFrameworksBuildPhase section */
		AA399C282E5AA1BF00B21402 /* Frameworks */ = {
			isa = PBXFrameworksBuildPhase;
			buildActionMask = 2147483647;
			files = (
				AA399C832E5AA53000B21402 /* Shuffle in Frameworks */,
			);
			runOnlyForDeploymentPostprocessing = 0;
		};
		AA399C372E5AA1C000B21402 /* Frameworks */ = {
			isa = PBXFrameworksBuildPhase;
			buildActionMask = 2147483647;
			files = (
			);
			runOnlyForDeploymentPostprocessing = 0;
		};
		AA399C412E5AA1C000B21402 /* Frameworks */ = {
			isa = PBXFrameworksBuildPhase;
			buildActionMask = 2147483647;
			files = (
			);
			runOnlyForDeploymentPostprocessing = 0;
		};
/* End PBXFrameworksBuildPhase section */

/* Begin PBXGroup section */
		AA399C222E5AA1BF00B21402 = {
			isa = PBXGroup;
			children = (
				AA399C2D2E5AA1BF00B21402 /* ReelQuick */,
				AA399C3D2E5AA1C000B21402 /* ReelQuickTests */,
				AA399C472E5AA1C000B21402 /* ReelQuickUITests */,
				AA399C2C2E5AA1BF00B21402 /* Products */,
			);
			sourceTree = "<group>";
		};
		AA399C2C2E5AA1BF00B21402 /* Products */ = {
			isa = PBXGroup;
			children = (
				AA399C2B2E5AA1BF00B21402 /* ReelQuick.app */,
				AA399C3A2E5AA1C000B21402 /* ReelQuickTests.xctest */,
				AA399C442E5AA1C000B21402 /* ReelQuickUITests.xctest */,
			);
			name = Products;
			sourceTree = "<group>";
		};
/* End PBXGroup section */

/* Begin PBXNativeTarget section */
		AA399C2A2E5AA1BF00B21402 /* ReelQuick */ = {
			isa = PBXNativeTarget;
			buildConfigurationList = AA399C4E2E5AA1C000B21402 /* Build configuration list for PBXNativeTarget "ReelQuick" */;
			buildPhases = (
				AA399C272E5AA1BF00B21402 /* Sources */,
				AA399C282E5AA1BF00B21402 /* Frameworks */,
				AA399C292E5AA1BF00B21402 /* Resources */,
			);
			buildRules = (
			);
			dependencies = (
			);
			fileSystemSynchronizedGroups = (
				AA399C2D2E5AA1BF00B21402 /* ReelQuick */,
			);
			name = ReelQuick;
			packageProductDependencies = (
				AA399C822E5AA53000B21402 /* Shuffle */,
			);
			productName = ReelQuick;
			productReference = AA399C2B2E5AA1BF00B21402 /* ReelQuick.app */;
			productType = "com.apple.product-type.application";
		};
		AA399C392E5AA1C000B21402 /* ReelQuickTests */ = {
			isa = PBXNativeTarget;
			buildConfigurationList = AA399C512E5AA1C000B21402 /* Build configuration list for PBXNativeTarget "ReelQuickTests" */;
			buildPhases = (
				AA399C362E5AA1C000B21402 /* Sources */,
				AA399C372E5AA1C000B21402 /* Frameworks */,
				AA399C382E5AA1C000B21402 /* Resources */,
			);
			buildRules = (
			);
			dependencies = (
				AA399C3C2E5AA1C000B21402 /* PBXTargetDependency */,
			);
			fileSystemSynchronizedGroups = (
				AA399C3D2E5AA1C000B21402 /* ReelQuickTests */,
			);
			name = ReelQuickTests;
			packageProductDependencies = (
			);
			productName = ReelQuickTests;
			productReference = AA399C3A2E5AA1C000B21402 /* ReelQuickTests.xctest */;
			productType = "com.apple.product-type.bundle.unit-test";
		};
		AA399C432E5AA1C000B21402 /* ReelQuickUITests */ = {
			isa = PBXNativeTarget;
			buildConfigurationList = AA399C542E5AA1C000B21402 /* Build configuration list for PBXNativeTarget "ReelQuickUITests" */;
			buildPhases = (
				AA399C402E5AA1C000B21402 /* Sources */,
				AA399C412E5AA1C000B21402 /* Frameworks */,
				AA399C422E5AA1C000B21402 /* Resources */,
			);
			buildRules = (
			);
			dependencies = (
				AA399C462E5AA1C000B21402 /* PBXTargetDependency */,
			);
			fileSystemSynchronizedGroups = (
				AA399C472E5AA1C000B21402 /* ReelQuickUITests */,
			);
			name = ReelQuickUITests;
			packageProductDependencies = (
			);
			productName = ReelQuickUITests;
			productReference = AA399C442E5AA1C000B21402 /* ReelQuickUITests.xctest */;
			productType = "com.apple.product-type.bundle.ui-testing";
		};
/* End PBXNativeTarget section */

/* Begin PBXProject section */
		AA399C232E5AA1BF00B21402 /* Project object */ = {
			isa = PBXProject;
			attributes = {
				BuildIndependentTargetsInParallel = 1;
				LastSwiftUpdateCheck = 1640;
				LastUpgradeCheck = 1640;
				TargetAttributes = {
					AA399C2A2E5AA1BF00B21402 = {
						CreatedOnToolsVersion = 16.4;
					};
					AA399C392E5AA1C000B21402 = {
						CreatedOnToolsVersion = 16.4;
						TestTargetID = AA399C2A2E5AA1BF00B21402;
					};
					AA399C432E5AA1C000B21402 = {
						CreatedOnToolsVersion = 16.4;
						TestTargetID = AA399C2A2E5AA1BF00B21402;
					};
				};
			};
			buildConfigurationList = AA399C262E5AA1BF00B21402 /* Build configuration list for PBXProject "ReelQuick" */;
			developmentRegion = en;
			hasScannedForEncodings = 0;
			knownRegions = (
				en,
				Base,
			);
			mainGroup = AA399C222E5AA1BF00B21402;
			minimizedProjectReferenceProxies = 1;
			packageReferences = (
				AA399C812E5AA53000B21402 /* XCRemoteSwiftPackageReference "Shuffle" */,
			);
			preferredProjectObjectVersion = 77;
			productRefGroup = AA399C2C2E5AA1BF00B21402 /* Products */;
			projectDirPath = "";
			projectRoot = "";
			targets = (
				AA399C2A2E5AA1BF00B21402 /* ReelQuick */,
				AA399C392E5AA1C000B21402 /* ReelQuickTests */,
				AA399C432E5AA1C000B21402 /* ReelQuickUITests */,
			);
		};
/* End PBXProject section */

/* Begin PBXResourcesBuildPhase section */
		AA399C292E5AA1BF00B21402 /* Resources */ = {
			isa = PBXResourcesBuildPhase;
			buildActionMask = 2147483647;
			files = (
			);
			runOnlyForDeploymentPostprocessing = 0;
		};
		AA399C382E5AA1C000B21402 /* Resources */ = {
			isa = PBXResourcesBuildPhase;
			buildActionMask = 2147483647;
			files = (
			);
			runOnlyForDeploymentPostprocessing = 0;
		};
		AA399C422E5AA1C000B21402 /* Resources */ = {
			isa = PBXResourcesBuildPhase;
			buildActionMask = 2147483647;
			files = (
			);
			runOnlyForDeploymentPostprocessing = 0;
		};
/* End PBXResourcesBuildPhase section */

/* Begin PBXSourcesBuildPhase section */
		AA399C272E5AA1BF00B21402 /* Sources */ = {
			isa = PBXSourcesBuildPhase;
			buildActionMask = 2147483647;
			files = (
			);
			runOnlyForDeploymentPostprocessing = 0;
		};
		AA399C362E5AA1C000B21402 /* Sources */ = {
			isa = PBXSourcesBuildPhase;
			buildActionMask = 2147483647;
			files = (
			);
			runOnlyForDeploymentPostprocessing = 0;
		};
		AA399C402E5AA1C000B21402 /* Sources */ = {
			isa = PBXSourcesBuildPhase;
			buildActionMask = 2147483647;
			files = (
			);
			runOnlyForDeploymentPostprocessing = 0;
		};
/* End PBXSourcesBuildPhase section */

/* Begin PBXTargetDependency section */
		AA399C3C2E5AA1C000B21402 /* PBXTargetDependency */ = {
			isa = PBXTargetDependency;
			target = AA399C2A2E5AA1BF00B21402 /* ReelQuick */;
			targetProxy = AA399C3B2E5AA1C000B21402 /* PBXContainerItemProxy */;
		};
		AA399C462E5AA1C000B21402 /* PBXTargetDependency */ = {
			isa = PBXTargetDependency;
			target = AA399C2A2E5AA1BF00B21402 /* ReelQuick */;
			targetProxy = AA399C452E5AA1C000B21402 /* PBXContainerItemProxy */;
		};
/* End PBXTargetDependency section */

/* Begin XCBuildConfiguration section */
		AA399C4C2E5AA1C000B21402 /* Debug */ = {
			isa = XCBuildConfiguration;
			buildSettings = {
				ALWAYS_SEARCH_USER_PATHS = NO;
				ASSETCATALOG_COMPILER_GENERATE_SWIFT_ASSET_SYMBOL_EXTENSIONS = YES;
				CLANG_ANALYZER_NONNULL = YES;
				CLANG_ANALYZER_NUMBER_OBJECT_CONVERSION = YES_AGGRESSIVE;
				CLANG_CXX_LANGUAGE_STANDARD = "gnu++20";
				CLANG_ENABLE_MODULES = YES;
				CLANG_ENABLE_OBJC_ARC = YES;
				CLANG_ENABLE_OBJC_WEAK = YES;
				CLANG_WARN_BLOCK_CAPTURE_AUTORELEASING = YES;
				CLANG_WARN_BOOL_CONVERSION = YES;
				CLANG_WARN_COMMA = YES;
				CLANG_WARN_CONSTANT_CONVERSION = YES;
				CLANG_WARN_DEPRECATED_OBJC_IMPLEMENTATIONS = YES;
				CLANG_WARN_DIRECT_OBJC_ISA_USAGE = YES_ERROR;
				CLANG_WARN_DOCUMENTATION_COMMENTS = YES;
				CLANG_WARN_EMPTY_BODY = YES;
				CLANG_WARN_ENUM_CONVERSION = YES;
				CLANG_WARN_INFINITE_RECURSION = YES;
				CLANG_WARN_INT_CONVERSION = YES;
				CLANG_WARN_NON_LITERAL_NULL_CONVERSION = YES;
				CLANG_WARN_OBJC_IMPLICIT_RETAIN_SELF = YES;
				CLANG_WARN_OBJC_LITERAL_CONVERSION = YES;
				CLANG_WARN_OBJC_ROOT_CLASS = YES_ERROR;
				CLANG_WARN_QUOTED_INCLUDE_IN_FRAMEWORK_HEADER = YES;
				CLANG_WARN_RANGE_LOOP_ANALYSIS = YES;
				CLANG_WARN_STRICT_PROTOTYPES = YES;
				CLANG_WARN_SUSPICIOUS_MOVE = YES;
				CLANG_WARN_UNGUARDED_AVAILABILITY = YES_AGGRESSIVE;
				CLANG_WARN_UNREACHABLE_CODE = YES;
				CLANG_WARN__DUPLICATE_METHOD_MATCH = YES;
				COPY_PHASE_STRIP = NO;
				DEBUG_INFORMATION_FORMAT = dwarf;
				DEVELOPMENT_TEAM = 7GU8GP665C;
				ENABLE_STRICT_OBJC_MSGSEND = YES;
				ENABLE_TESTABILITY = YES;
				ENABLE_USER_SCRIPT_SANDBOXING = YES;
				GCC_C_LANGUAGE_STANDARD = gnu17;
				GCC_DYNAMIC_NO_PIC = NO;
				GCC_NO_COMMON_BLOCKS = YES;
				GCC_OPTIMIZATION_LEVEL = 0;
				GCC_PREPROCESSOR_DEFINITIONS = (
					"DEBUG=1",
					"$(inherited)",
				);
				GCC_WARN_64_TO_32_BIT_CONVERSION = YES;
				GCC_WARN_ABOUT_RETURN_TYPE = YES_ERROR;
				GCC_WARN_UNDECLARED_SELECTOR = YES;
				GCC_WARN_UNINITIALIZED_AUTOS = YES_AGGRESSIVE;
				GCC_WARN_UNUSED_FUNCTION = YES;
				GCC_WARN_UNUSED_VARIABLE = YES;
				IPHONEOS_DEPLOYMENT_TARGET = 18.5;
				LOCALIZATION_PREFERS_STRING_CATALOGS = YES;
				MTL_ENABLE_DEBUG_INFO = INCLUDE_SOURCE;
				MTL_FAST_MATH = YES;
				ONLY_ACTIVE_ARCH = YES;
				SDKROOT = iphoneos;
				SWIFT_ACTIVE_COMPILATION_CONDITIONS = "DEBUG $(inherited)";
				SWIFT_OPTIMIZATION_LEVEL = "-Onone";
			};
			name = Debug;
		};
		AA399C4D2E5AA1C000B21402 /* Release */ = {
			isa = XCBuildConfiguration;
			buildSettings = {
				ALWAYS_SEARCH_USER_PATHS = NO;
				ASSETCATALOG_COMPILER_GENERATE_SWIFT_ASSET_SYMBOL_EXTENSIONS = YES;
				CLANG_ANALYZER_NONNULL = YES;
				CLANG_ANALYZER_NUMBER_OBJECT_CONVERSION = YES_AGGRESSIVE;
				CLANG_CXX_LANGUAGE_STANDARD = "gnu++20";
				CLANG_ENABLE_MODULES = YES;
				CLANG_ENABLE_OBJC_ARC = YES;
				CLANG_ENABLE_OBJC_WEAK = YES;
				CLANG_WARN_BLOCK_CAPTURE_AUTORELEASING = YES;
				CLANG_WARN_BOOL_CONVERSION = YES;
				CLANG_WARN_COMMA = YES;
				CLANG_WARN_CONSTANT_CONVERSION = YES;
				CLANG_WARN_DEPRECATED_OBJC_IMPLEMENTATIONS = YES;
				CLANG_WARN_DIRECT_OBJC_ISA_USAGE = YES_ERROR;
				CLANG_WARN_DOCUMENTATION_COMMENTS = YES;
				CLANG_WARN_EMPTY_BODY = YES;
				CLANG_WARN_ENUM_CONVERSION = YES;
				CLANG_WARN_INFINITE_RECURSION = YES;
				CLANG_WARN_INT_CONVERSION = YES;
				CLANG_WARN_NON_LITERAL_NULL_CONVERSION = YES;
				CLANG_WARN_OBJC_IMPLICIT_RETAIN_SELF = YES;
				CLANG_WARN_OBJC_LITERAL_CONVERSION = YES;
				CLANG_WARN_OBJC_ROOT_CLASS = YES_ERROR;
				CLANG_WARN_QUOTED_INCLUDE_IN_FRAMEWORK_HEADER = YES;
				CLANG_WARN_RANGE_LOOP_ANALYSIS = YES;
				CLANG_WARN_STRICT_PROTOTYPES = YES;
				CLANG_WARN_SUSPICIOUS_MOVE = YES;
				CLANG_WARN_UNGUARDED_AVAILABILITY = YES_AGGRESSIVE;
				CLANG_WARN_UNREACHABLE_CODE = YES;
				CLANG_WARN__DUPLICATE_METHOD_MATCH = YES;
				COPY_PHASE_STRIP = NO;
				DEBUG_INFORMATION_FORMAT = "dwarf-with-dsym";
				DEVELOPMENT_TEAM = 7GU8GP665C;
				ENABLE_NS_ASSERTIONS = NO;
				ENABLE_STRICT_OBJC_MSGSEND = YES;
				ENABLE_USER_SCRIPT_SANDBOXING = YES;
				GCC_C_LANGUAGE_STANDARD = gnu17;
				GCC_NO_COMMON_BLOCKS = YES;
				GCC_WARN_64_TO_32_BIT_CONVERSION = YES;
				GCC_WARN_ABOUT_RETURN_TYPE = YES_ERROR;
				GCC_WARN_UNDECLARED_SELECTOR = YES;
				GCC_WARN_UNINITIALIZED_AUTOS = YES_AGGRESSIVE;
				GCC_WARN_UNUSED_FUNCTION = YES;
				GCC_WARN_UNUSED_VARIABLE = YES;
				IPHONEOS_DEPLOYMENT_TARGET = 18.5;
				LOCALIZATION_PREFERS_STRING_CATALOGS = YES;
				MTL_ENABLE_DEBUG_INFO = NO;
				MTL_FAST_MATH = YES;
				SDKROOT = iphoneos;
				SWIFT_COMPILATION_MODE = wholemodule;
				VALIDATE_PRODUCT = YES;
			};
			name = Release;
		};
		AA399C4F2E5AA1C000B21402 /* Debug */ = {
			isa = XCBuildConfiguration;
			buildSettings = {
				ASSETCATALOG_COMPILER_APPICON_NAME = AppIcon;
				ASSETCATALOG_COMPILER_GLOBAL_ACCENT_COLOR_NAME = AccentColor;
				CODE_SIGN_STYLE = Automatic;
				CURRENT_PROJECT_VERSION = 1;
				DEVELOPMENT_TEAM = 7GU8GP665C;
				ENABLE_PREVIEWS = YES;
				GENERATE_INFOPLIST_FILE = YES;
				INFOPLIST_KEY_NSPhotoLibraryUsageDescription = "ReelQuick needs access to your photo library to help you organize and manage your photos";
				INFOPLIST_KEY_UIApplicationSceneManifest_Generation = YES;
				INFOPLIST_KEY_UIApplicationSupportsIndirectInputEvents = YES;
				INFOPLIST_KEY_UILaunchStoryboardName = LaunchScreen;
				INFOPLIST_KEY_UISupportedInterfaceOrientations_iPad = "UIInterfaceOrientationPortrait UIInterfaceOrientationPortraitUpsideDown UIInterfaceOrientationLandscapeLeft UIInterfaceOrientationLandscapeRight";
				INFOPLIST_KEY_UISupportedInterfaceOrientations_iPhone = "UIInterfaceOrientationPortrait UIInterfaceOrientationLandscapeLeft UIInterfaceOrientationLandscapeRight";
				LD_RUNPATH_SEARCH_PATHS = (
					"$(inherited)",
					"@executable_path/Frameworks",
				);
				MARKETING_VERSION = 1.2;
				PRODUCT_BUNDLE_IDENTIFIER = com.digitallabs.ReelQuick;
				PRODUCT_NAME = "$(TARGET_NAME)";
				SWIFT_EMIT_LOC_STRINGS = YES;
				SWIFT_VERSION = 5.0;
				TARGETED_DEVICE_FAMILY = "1,2";
			};
			name = Debug;
		};
		AA399C502E5AA1C000B21402 /* Release */ = {
			isa = XCBuildConfiguration;
			buildSettings = {
				ASSETCATALOG_COMPILER_APPICON_NAME = AppIcon;
				ASSETCATALOG_COMPILER_GLOBAL_ACCENT_COLOR_NAME = AccentColor;
				CODE_SIGN_STYLE = Automatic;
				CURRENT_PROJECT_VERSION = 1;
				DEVELOPMENT_TEAM = 7GU8GP665C;
				ENABLE_PREVIEWS = YES;
				GENERATE_INFOPLIST_FILE = YES;
				INFOPLIST_KEY_NSPhotoLibraryUsageDescription = "ReelQuick needs access to your photo library to help you organize and manage your photos";
				INFOPLIST_KEY_UIApplicationSceneManifest_Generation = YES;
				INFOPLIST_KEY_UIApplicationSupportsIndirectInputEvents = YES;
				INFOPLIST_KEY_UILaunchStoryboardName = LaunchScreen;
				INFOPLIST_KEY_UISupportedInterfaceOrientations_iPad = "UIInterfaceOrientationPortrait UIInterfaceOrientationPortraitUpsideDown UIInterfaceOrientationLandscapeLeft UIInterfaceOrientationLandscapeRight";
				INFOPLIST_KEY_UISupportedInterfaceOrientations_iPhone = "UIInterfaceOrientationPortrait UIInterfaceOrientationLandscapeLeft UIInterfaceOrientationLandscapeRight";
				LD_RUNPATH_SEARCH_PATHS = (
					"$(inherited)",
					"@executable_path/Frameworks",
				);
				MARKETING_VERSION = 1.2;
				PRODUCT_BUNDLE_IDENTIFIER = com.digitallabs.ReelQuick;
				PRODUCT_NAME = "$(TARGET_NAME)";
				SWIFT_EMIT_LOC_STRINGS = YES;
				SWIFT_VERSION = 5.0;
				TARGETED_DEVICE_FAMILY = "1,2";
			};
			name = Release;
		};
		AA399C522E5AA1C000B21402 /* Debug */ = {
			isa = XCBuildConfiguration;
			buildSettings = {
				BUNDLE_LOADER = "$(TEST_HOST)";
				CODE_SIGN_STYLE = Automatic;
				CURRENT_PROJECT_VERSION = 1;
				DEVELOPMENT_TEAM = 7GU8GP665C;
				GENERATE_INFOPLIST_FILE = YES;
				IPHONEOS_DEPLOYMENT_TARGET = 18.5;
				MARKETING_VERSION = 1.0;
				PRODUCT_BUNDLE_IDENTIFIER = com.digitallabs.ReelQuickTests;
				PRODUCT_NAME = "$(TARGET_NAME)";
				SWIFT_EMIT_LOC_STRINGS = NO;
				SWIFT_VERSION = 5.0;
				TARGETED_DEVICE_FAMILY = "1,2";
				TEST_HOST = "$(BUILT_PRODUCTS_DIR)/ReelQuick.app/$(BUNDLE_EXECUTABLE_FOLDER_PATH)/ReelQuick";
			};
			name = Debug;
		};
		AA399C532E5AA1C000B21402 /* Release */ = {
			isa = XCBuildConfiguration;
			buildSettings = {
				BUNDLE_LOADER = "$(TEST_HOST)";
				CODE_SIGN_STYLE = Automatic;
				CURRENT_PROJECT_VERSION = 1;
				DEVELOPMENT_TEAM = 7GU8GP665C;
				GENERATE_INFOPLIST_FILE = YES;
				IPHONEOS_DEPLOYMENT_TARGET = 18.5;
				MARKETING_VERSION = 1.0;
				PRODUCT_BUNDLE_IDENTIFIER = com.digitallabs.ReelQuickTests;
				PRODUCT_NAME = "$(TARGET_NAME)";
				SWIFT_EMIT_LOC_STRINGS = NO;
				SWIFT_VERSION = 5.0;
				TARGETED_DEVICE_FAMILY = "1,2";
				TEST_HOST = "$(BUILT_PRODUCTS_DIR)/ReelQuick.app/$(BUNDLE_EXECUTABLE_FOLDER_PATH)/ReelQuick";
			};
			name = Release;
		};
		AA399C552E5AA1C000B21402 /* Debug */ = {
			isa = XCBuildConfiguration;
			buildSettings = {
				CODE_SIGN_STYLE = Automatic;
				CURRENT_PROJECT_VERSION = 1;
				DEVELOPMENT_TEAM = 7GU8GP665C;
				GENERATE_INFOPLIST_FILE = YES;
				MARKETING_VERSION = 1.0;
				PRODUCT_BUNDLE_IDENTIFIER = com.digitallabs.ReelQuickUITests;
				PRODUCT_NAME = "$(TARGET_NAME)";
				SWIFT_EMIT_LOC_STRINGS = NO;
				SWIFT_VERSION = 5.0;
				TARGETED_DEVICE_FAMILY = "1,2";
				TEST_TARGET_NAME = ReelQuick;
			};
			name = Debug;
		};
		AA399C562E5AA1C000B21402 /* Release */ = {
			isa = XCBuildConfiguration;
			buildSettings = {
				CODE_SIGN_STYLE = Automatic;
				CURRENT_PROJECT_VERSION = 1;
				DEVELOPMENT_TEAM = 7GU8GP665C;
				GENERATE_INFOPLIST_FILE = YES;
				MARKETING_VERSION = 1.0;
				PRODUCT_BUNDLE_IDENTIFIER = com.digitallabs.ReelQuickUITests;
				PRODUCT_NAME = "$(TARGET_NAME)";
				SWIFT_EMIT_LOC_STRINGS = NO;
				SWIFT_VERSION = 5.0;
				TARGETED_DEVICE_FAMILY = "1,2";
				TEST_TARGET_NAME = ReelQuick;
			};
			name = Release;
		};
/* End XCBuildConfiguration section */

/* Begin XCConfigurationList section */
		AA399C262E5AA1BF00B21402 /* Build configuration list for PBXProject "ReelQuick" */ = {
			isa = XCConfigurationList;
			buildConfigurations = (
				AA399C4C2E5AA1C000B21402 /* Debug */,
				AA399C4D2E5AA1C000B21402 /* Release */,
			);
			defaultConfigurationIsVisible = 0;
			defaultConfigurationName = Release;
		};
		AA399C4E2E5AA1C000B21402 /* Build configuration list for PBXNativeTarget "ReelQuick" */ = {
			isa = XCConfigurationList;
			buildConfigurations = (
				AA399C4F2E5AA1C000B21402 /* Debug */,
				AA399C502E5AA1C000B21402 /* Release */,
			);
			defaultConfigurationIsVisible = 0;
			defaultConfigurationName = Release;
		};
		AA399C512E5AA1C000B21402 /* Build configuration list for PBXNativeTarget "ReelQuickTests" */ = {
			isa = XCConfigurationList;
			buildConfigurations = (
				AA399C522E5AA1C000B21402 /* Debug */,
				AA399C532E5AA1C000B21402 /* Release */,
			);
			defaultConfigurationIsVisible = 0;
			defaultConfigurationName = Release;
		};
		AA399C542E5AA1C000B21402 /* Build configuration list for PBXNativeTarget "ReelQuickUITests" */ = {
			isa = XCConfigurationList;
			buildConfigurations = (
				AA399C552E5AA1C000B21402 /* Debug */,
				AA399C562E5AA1C000B21402 /* Release */,
			);
			defaultConfigurationIsVisible = 0;
			defaultConfigurationName = Release;
		};
/* End XCConfigurationList section */

/* Begin XCRemoteSwiftPackageReference section */
		AA399C812E5AA53000B21402 /* XCRemoteSwiftPackageReference "Shuffle" */ = {
			isa = XCRemoteSwiftPackageReference;
			repositoryURL = "https://github.com/mac-gallagher/Shuffle.git";
			requirement = {
				branch = master;
				kind = branch;
			};
		};
/* End XCRemoteSwiftPackageReference section */

/* Begin XCSwiftPackageProductDependency section */
		AA399C822E5AA53000B21402 /* Shuffle */ = {
			isa = XCSwiftPackageProductDependency;
			package = AA399C812E5AA53000B21402 /* XCRemoteSwiftPackageReference "Shuffle" */;
			productName = Shuffle;
		};
/* End XCSwiftPackageProductDependency section */
	};
	rootObject = AA399C232E5AA1BF00B21402 /* Project object */;
}
